// !$*UTF8*$!
{
	archiveVersion = 1;
	classes = {
	};
	objectVersion = 46;
	objects = {

/* Begin PBXBuildFile section */
		E30E0A681D9BA92D00E59CEB /* AnnotationsViewController.swift in Sources */ = {isa = PBXBuildFile; fileRef = E30E0A661D9BA92D00E59CEB /* AnnotationsViewController.swift */; };
		E30E0A701D9BAB2D00E59CEB /* Annotation+CoreDataClass.swift in Sources */ = {isa = PBXBuildFile; fileRef = E30E0A6E1D9BAB2D00E59CEB /* Annotation+CoreDataClass.swift */; };
		E30E0A711D9BAB2D00E59CEB /* Annotation+CoreDataProperties.swift in Sources */ = {isa = PBXBuildFile; fileRef = E30E0A6F1D9BAB2D00E59CEB /* Annotation+CoreDataProperties.swift */; };
		E30E0A761D9BAE3F00E59CEB /* Image+CoreDataClass.swift in Sources */ = {isa = PBXBuildFile; fileRef = E30E0A741D9BAE3F00E59CEB /* Image+CoreDataClass.swift */; };
		E30E0A771D9BAE3F00E59CEB /* Image+CoreDataProperties.swift in Sources */ = {isa = PBXBuildFile; fileRef = E30E0A751D9BAE3F00E59CEB /* Image+CoreDataProperties.swift */; };
		E30E0A7A1D9BBBB200E59CEB /* AnnotationViewController.swift in Sources */ = {isa = PBXBuildFile; fileRef = E30E0A781D9BBBB200E59CEB /* AnnotationViewController.swift */; };
		E30E0A7B1D9BBBB200E59CEB /* AnnotationViewController.xib in Resources */ = {isa = PBXBuildFile; fileRef = E30E0A791D9BBBB200E59CEB /* AnnotationViewController.xib */; };
		E3214E511D8F1BC1008B5DC6 /* Model.xcdatamodeld in Sources */ = {isa = PBXBuildFile; fileRef = E3214E4F1D8F1BC1008B5DC6 /* Model.xcdatamodeld */; };
		E3278BB71D912384009DBAB5 /* CoreDataStack.swift in Sources */ = {isa = PBXBuildFile; fileRef = E3278BB61D912384009DBAB5 /* CoreDataStack.swift */; };
		E35C679E1D951E9A0068B6E0 /* BookTableViewCell.swift in Sources */ = {isa = PBXBuildFile; fileRef = E35C679C1D951E9A0068B6E0 /* BookTableViewCell.swift */; };
		E35C679F1D951E9A0068B6E0 /* BookTableViewCell.xib in Resources */ = {isa = PBXBuildFile; fileRef = E35C679D1D951E9A0068B6E0 /* BookTableViewCell.xib */; };
		E361D9B01D985DF6001FB83C /* BookViewController.swift in Sources */ = {isa = PBXBuildFile; fileRef = E361D9AE1D985DF6001FB83C /* BookViewController.swift */; };
		E361D9B11D985DF6001FB83C /* BookViewController.xib in Resources */ = {isa = PBXBuildFile; fileRef = E361D9AF1D985DF6001FB83C /* BookViewController.xib */; };
		E36B3A931D8FE5B00048A5D6 /* Author+CoreDataClass.swift in Sources */ = {isa = PBXBuildFile; fileRef = E36B3A831D8FE5B00048A5D6 /* Author+CoreDataClass.swift */; };
		E36B3A941D8FE5B00048A5D6 /* Author+CoreDataProperties.swift in Sources */ = {isa = PBXBuildFile; fileRef = E36B3A841D8FE5B00048A5D6 /* Author+CoreDataProperties.swift */; };
		E36B3A951D8FE5B00048A5D6 /* BookTag+CoreDataClass.swift in Sources */ = {isa = PBXBuildFile; fileRef = E36B3A851D8FE5B00048A5D6 /* BookTag+CoreDataClass.swift */; };
		E36B3A961D8FE5B00048A5D6 /* BookTag+CoreDataProperties.swift in Sources */ = {isa = PBXBuildFile; fileRef = E36B3A861D8FE5B00048A5D6 /* BookTag+CoreDataProperties.swift */; };
		E36B3A971D8FE5B00048A5D6 /* Localization+CoreDataClass.swift in Sources */ = {isa = PBXBuildFile; fileRef = E36B3A871D8FE5B00048A5D6 /* Localization+CoreDataClass.swift */; };
		E36B3A981D8FE5B00048A5D6 /* Localization+CoreDataProperties.swift in Sources */ = {isa = PBXBuildFile; fileRef = E36B3A881D8FE5B00048A5D6 /* Localization+CoreDataProperties.swift */; };
		E36B3A991D8FE5B00048A5D6 /* Tag+CoreDataClass.swift in Sources */ = {isa = PBXBuildFile; fileRef = E36B3A891D8FE5B00048A5D6 /* Tag+CoreDataClass.swift */; };
		E36B3A9A1D8FE5B00048A5D6 /* Tag+CoreDataProperties.swift in Sources */ = {isa = PBXBuildFile; fileRef = E36B3A8A1D8FE5B00048A5D6 /* Tag+CoreDataProperties.swift */; };
		E36B3A9D1D8FE5B00048A5D6 /* Pdf+CoreDataClass.swift in Sources */ = {isa = PBXBuildFile; fileRef = E36B3A8D1D8FE5B00048A5D6 /* Pdf+CoreDataClass.swift */; };
		E36B3A9E1D8FE5B00048A5D6 /* Pdf+CoreDataProperties.swift in Sources */ = {isa = PBXBuildFile; fileRef = E36B3A8E1D8FE5B00048A5D6 /* Pdf+CoreDataProperties.swift */; };
		E36B3A9F1D8FE5B00048A5D6 /* Book+CoreDataClass.swift in Sources */ = {isa = PBXBuildFile; fileRef = E36B3A8F1D8FE5B00048A5D6 /* Book+CoreDataClass.swift */; };
		E36B3AA01D8FE5B00048A5D6 /* Book+CoreDataProperties.swift in Sources */ = {isa = PBXBuildFile; fileRef = E36B3A901D8FE5B00048A5D6 /* Book+CoreDataProperties.swift */; };
		E36B3AA51D907F100048A5D6 /* AsyncData.swift in Sources */ = {isa = PBXBuildFile; fileRef = E36B3AA21D907F100048A5D6 /* AsyncData.swift */; };
		E36B3AA61D907F100048A5D6 /* books_readable.json in Resources */ = {isa = PBXBuildFile; fileRef = E36B3AA31D907F100048A5D6 /* books_readable.json */; };
		E36B3AA71D907F100048A5D6 /* JSONProcessing.swift in Sources */ = {isa = PBXBuildFile; fileRef = E36B3AA41D907F100048A5D6 /* JSONProcessing.swift */; };
		E3A325771D9144A6005F85FB /* emptyBookCover.png in Resources */ = {isa = PBXBuildFile; fileRef = E3A325751D9144A6005F85FB /* emptyBookCover.png */; };
		E3A325781D9144A6005F85FB /* emptyPdf.pdf in Resources */ = {isa = PBXBuildFile; fileRef = E3A325761D9144A6005F85FB /* emptyPdf.pdf */; };
		E3A3257A1D914FB6005F85FB /* CoreDataTableViewController.swift in Sources */ = {isa = PBXBuildFile; fileRef = E3A325791D914FB6005F85FB /* CoreDataTableViewController.swift */; };
		E3A3257D1D91668F005F85FB /* BooksViewController.swift in Sources */ = {isa = PBXBuildFile; fileRef = E3A3257C1D91668F005F85FB /* BooksViewController.swift */; };
		E3F121BD1D9EF03C00DCB7BA /* MapViewController.swift in Sources */ = {isa = PBXBuildFile; fileRef = E3F121BB1D9EF03C00DCB7BA /* MapViewController.swift */; };
		E3F121BE1D9EF03C00DCB7BA /* MapViewController.xib in Resources */ = {isa = PBXBuildFile; fileRef = E3F121BC1D9EF03C00DCB7BA /* MapViewController.xib */; };
		E3F121C11D9EFF1D00DCB7BA /* Social.framework in Frameworks */ = {isa = PBXBuildFile; fileRef = E3F121C01D9EFF1D00DCB7BA /* Social.framework */; };
		E3F704F11D9A7AB600732CCC /* PDFViewController.swift in Sources */ = {isa = PBXBuildFile; fileRef = E3F704EF1D9A7AB600732CCC /* PDFViewController.swift */; };
		E3F704F21D9A7AB600732CCC /* PDFViewController.xib in Resources */ = {isa = PBXBuildFile; fileRef = E3F704F01D9A7AB600732CCC /* PDFViewController.xib */; };
		E3FCA4781D8DE31F00672FC0 /* AppDelegate.swift in Sources */ = {isa = PBXBuildFile; fileRef = E3FCA4771D8DE31F00672FC0 /* AppDelegate.swift */; };
		E3FCA47A1D8DE31F00672FC0 /* ViewController.swift in Sources */ = {isa = PBXBuildFile; fileRef = E3FCA4791D8DE31F00672FC0 /* ViewController.swift */; };
		E3FCA47D1D8DE31F00672FC0 /* Main.storyboard in Resources */ = {isa = PBXBuildFile; fileRef = E3FCA47B1D8DE31F00672FC0 /* Main.storyboard */; };
		E3FCA47F1D8DE31F00672FC0 /* Assets.xcassets in Resources */ = {isa = PBXBuildFile; fileRef = E3FCA47E1D8DE31F00672FC0 /* Assets.xcassets */; };
		E3FCA4821D8DE31F00672FC0 /* LaunchScreen.storyboard in Resources */ = {isa = PBXBuildFile; fileRef = E3FCA4801D8DE31F00672FC0 /* LaunchScreen.storyboard */; };
		E3FCA48D1D8DE31F00672FC0 /* HackerBooksTests.swift in Sources */ = {isa = PBXBuildFile; fileRef = E3FCA48C1D8DE31F00672FC0 /* HackerBooksTests.swift */; };
/* End PBXBuildFile section */

/* Begin PBXContainerItemProxy section */
		E3FCA4891D8DE31F00672FC0 /* PBXContainerItemProxy */ = {
			isa = PBXContainerItemProxy;
			containerPortal = E3FCA46C1D8DE31F00672FC0 /* Project object */;
			proxyType = 1;
			remoteGlobalIDString = E3FCA4731D8DE31F00672FC0;
			remoteInfo = HackerBooks;
		};
/* End PBXContainerItemProxy section */

/* Begin PBXFileReference section */
		E30E0A661D9BA92D00E59CEB /* AnnotationsViewController.swift */ = {isa = PBXFileReference; fileEncoding = 4; lastKnownFileType = sourcecode.swift; path = AnnotationsViewController.swift; sourceTree = "<group>"; };
		E30E0A6E1D9BAB2D00E59CEB /* Annotation+CoreDataClass.swift */ = {isa = PBXFileReference; fileEncoding = 4; lastKnownFileType = sourcecode.swift; path = "Annotation+CoreDataClass.swift"; sourceTree = "<group>"; };
		E30E0A6F1D9BAB2D00E59CEB /* Annotation+CoreDataProperties.swift */ = {isa = PBXFileReference; fileEncoding = 4; lastKnownFileType = sourcecode.swift; path = "Annotation+CoreDataProperties.swift"; sourceTree = "<group>"; };
		E30E0A741D9BAE3F00E59CEB /* Image+CoreDataClass.swift */ = {isa = PBXFileReference; fileEncoding = 4; lastKnownFileType = sourcecode.swift; path = "Image+CoreDataClass.swift"; sourceTree = "<group>"; };
		E30E0A751D9BAE3F00E59CEB /* Image+CoreDataProperties.swift */ = {isa = PBXFileReference; fileEncoding = 4; lastKnownFileType = sourcecode.swift; path = "Image+CoreDataProperties.swift"; sourceTree = "<group>"; };
		E30E0A781D9BBBB200E59CEB /* AnnotationViewController.swift */ = {isa = PBXFileReference; fileEncoding = 4; lastKnownFileType = sourcecode.swift; path = AnnotationViewController.swift; sourceTree = "<group>"; };
		E30E0A791D9BBBB200E59CEB /* AnnotationViewController.xib */ = {isa = PBXFileReference; fileEncoding = 4; lastKnownFileType = file.xib; path = AnnotationViewController.xib; sourceTree = "<group>"; };
		E3214E501D8F1BC1008B5DC6 /* Model.xcdatamodel */ = {isa = PBXFileReference; lastKnownFileType = wrapper.xcdatamodel; path = Model.xcdatamodel; sourceTree = "<group>"; };
		E3278BB61D912384009DBAB5 /* CoreDataStack.swift */ = {isa = PBXFileReference; fileEncoding = 4; lastKnownFileType = sourcecode.swift; path = CoreDataStack.swift; sourceTree = "<group>"; };
		E35C679C1D951E9A0068B6E0 /* BookTableViewCell.swift */ = {isa = PBXFileReference; fileEncoding = 4; lastKnownFileType = sourcecode.swift; path = BookTableViewCell.swift; sourceTree = "<group>"; };
		E35C679D1D951E9A0068B6E0 /* BookTableViewCell.xib */ = {isa = PBXFileReference; fileEncoding = 4; lastKnownFileType = file.xib; path = BookTableViewCell.xib; sourceTree = "<group>"; };
		E361D9AE1D985DF6001FB83C /* BookViewController.swift */ = {isa = PBXFileReference; fileEncoding = 4; lastKnownFileType = sourcecode.swift; path = BookViewController.swift; sourceTree = "<group>"; };
		E361D9AF1D985DF6001FB83C /* BookViewController.xib */ = {isa = PBXFileReference; fileEncoding = 4; lastKnownFileType = file.xib; path = BookViewController.xib; sourceTree = "<group>"; };
		E36B3A831D8FE5B00048A5D6 /* Author+CoreDataClass.swift */ = {isa = PBXFileReference; fileEncoding = 4; lastKnownFileType = sourcecode.swift; path = "Author+CoreDataClass.swift"; sourceTree = "<group>"; };
		E36B3A841D8FE5B00048A5D6 /* Author+CoreDataProperties.swift */ = {isa = PBXFileReference; fileEncoding = 4; lastKnownFileType = sourcecode.swift; path = "Author+CoreDataProperties.swift"; sourceTree = "<group>"; };
		E36B3A851D8FE5B00048A5D6 /* BookTag+CoreDataClass.swift */ = {isa = PBXFileReference; fileEncoding = 4; lastKnownFileType = sourcecode.swift; path = "BookTag+CoreDataClass.swift"; sourceTree = "<group>"; };
		E36B3A861D8FE5B00048A5D6 /* BookTag+CoreDataProperties.swift */ = {isa = PBXFileReference; fileEncoding = 4; lastKnownFileType = sourcecode.swift; path = "BookTag+CoreDataProperties.swift"; sourceTree = "<group>"; };
		E36B3A871D8FE5B00048A5D6 /* Localization+CoreDataClass.swift */ = {isa = PBXFileReference; fileEncoding = 4; lastKnownFileType = sourcecode.swift; path = "Localization+CoreDataClass.swift"; sourceTree = "<group>"; };
		E36B3A881D8FE5B00048A5D6 /* Localization+CoreDataProperties.swift */ = {isa = PBXFileReference; fileEncoding = 4; lastKnownFileType = sourcecode.swift; path = "Localization+CoreDataProperties.swift"; sourceTree = "<group>"; };
		E36B3A891D8FE5B00048A5D6 /* Tag+CoreDataClass.swift */ = {isa = PBXFileReference; fileEncoding = 4; lastKnownFileType = sourcecode.swift; path = "Tag+CoreDataClass.swift"; sourceTree = "<group>"; };
		E36B3A8A1D8FE5B00048A5D6 /* Tag+CoreDataProperties.swift */ = {isa = PBXFileReference; fileEncoding = 4; lastKnownFileType = sourcecode.swift; path = "Tag+CoreDataProperties.swift"; sourceTree = "<group>"; };
		E36B3A8D1D8FE5B00048A5D6 /* Pdf+CoreDataClass.swift */ = {isa = PBXFileReference; fileEncoding = 4; lastKnownFileType = sourcecode.swift; path = "Pdf+CoreDataClass.swift"; sourceTree = "<group>"; };
		E36B3A8E1D8FE5B00048A5D6 /* Pdf+CoreDataProperties.swift */ = {isa = PBXFileReference; fileEncoding = 4; lastKnownFileType = sourcecode.swift; path = "Pdf+CoreDataProperties.swift"; sourceTree = "<group>"; };
		E36B3A8F1D8FE5B00048A5D6 /* Book+CoreDataClass.swift */ = {isa = PBXFileReference; fileEncoding = 4; lastKnownFileType = sourcecode.swift; path = "Book+CoreDataClass.swift"; sourceTree = "<group>"; };
		E36B3A901D8FE5B00048A5D6 /* Book+CoreDataProperties.swift */ = {isa = PBXFileReference; fileEncoding = 4; lastKnownFileType = sourcecode.swift; path = "Book+CoreDataProperties.swift"; sourceTree = "<group>"; };
		E36B3AA21D907F100048A5D6 /* AsyncData.swift */ = {isa = PBXFileReference; fileEncoding = 4; lastKnownFileType = sourcecode.swift; name = AsyncData.swift; path = ../AsyncData.swift; sourceTree = "<group>"; };
		E36B3AA31D907F100048A5D6 /* books_readable.json */ = {isa = PBXFileReference; fileEncoding = 4; lastKnownFileType = text.json; name = books_readable.json; path = ../books_readable.json; sourceTree = "<group>"; };
		E36B3AA41D907F100048A5D6 /* JSONProcessing.swift */ = {isa = PBXFileReference; fileEncoding = 4; lastKnownFileType = sourcecode.swift; name = JSONProcessing.swift; path = ../JSONProcessing.swift; sourceTree = "<group>"; };
		E3A325751D9144A6005F85FB /* emptyBookCover.png */ = {isa = PBXFileReference; lastKnownFileType = image.png; path = emptyBookCover.png; sourceTree = "<group>"; };
		E3A325761D9144A6005F85FB /* emptyPdf.pdf */ = {isa = PBXFileReference; lastKnownFileType = image.pdf; path = emptyPdf.pdf; sourceTree = "<group>"; };
		E3A325791D914FB6005F85FB /* CoreDataTableViewController.swift */ = {isa = PBXFileReference; fileEncoding = 4; lastKnownFileType = sourcecode.swift; path = CoreDataTableViewController.swift; sourceTree = "<group>"; };
		E3A3257C1D91668F005F85FB /* BooksViewController.swift */ = {isa = PBXFileReference; fileEncoding = 4; lastKnownFileType = sourcecode.swift; path = BooksViewController.swift; sourceTree = "<group>"; };
		E3F121BB1D9EF03C00DCB7BA /* MapViewController.swift */ = {isa = PBXFileReference; fileEncoding = 4; lastKnownFileType = sourcecode.swift; path = MapViewController.swift; sourceTree = "<group>"; };
		E3F121BC1D9EF03C00DCB7BA /* MapViewController.xib */ = {isa = PBXFileReference; fileEncoding = 4; lastKnownFileType = file.xib; path = MapViewController.xib; sourceTree = "<group>"; };
		E3F121C01D9EFF1D00DCB7BA /* Social.framework */ = {isa = PBXFileReference; lastKnownFileType = wrapper.framework; name = Social.framework; path = System/Library/Frameworks/Social.framework; sourceTree = SDKROOT; };
		E3F704EF1D9A7AB600732CCC /* PDFViewController.swift */ = {isa = PBXFileReference; fileEncoding = 4; lastKnownFileType = sourcecode.swift; path = PDFViewController.swift; sourceTree = "<group>"; };
		E3F704F01D9A7AB600732CCC /* PDFViewController.xib */ = {isa = PBXFileReference; fileEncoding = 4; lastKnownFileType = file.xib; path = PDFViewController.xib; sourceTree = "<group>"; };
		E3FCA4741D8DE31F00672FC0 /* HackerBooks.app */ = {isa = PBXFileReference; explicitFileType = wrapper.application; includeInIndex = 0; path = HackerBooks.app; sourceTree = BUILT_PRODUCTS_DIR; };
		E3FCA4771D8DE31F00672FC0 /* AppDelegate.swift */ = {isa = PBXFileReference; lastKnownFileType = sourcecode.swift; path = AppDelegate.swift; sourceTree = "<group>"; };
		E3FCA4791D8DE31F00672FC0 /* ViewController.swift */ = {isa = PBXFileReference; lastKnownFileType = sourcecode.swift; path = ViewController.swift; sourceTree = "<group>"; };
		E3FCA47C1D8DE31F00672FC0 /* Base */ = {isa = PBXFileReference; lastKnownFileType = file.storyboard; name = Base; path = Base.lproj/Main.storyboard; sourceTree = "<group>"; };
		E3FCA47E1D8DE31F00672FC0 /* Assets.xcassets */ = {isa = PBXFileReference; lastKnownFileType = folder.assetcatalog; path = Assets.xcassets; sourceTree = "<group>"; };
		E3FCA4811D8DE31F00672FC0 /* Base */ = {isa = PBXFileReference; lastKnownFileType = file.storyboard; name = Base; path = Base.lproj/LaunchScreen.storyboard; sourceTree = "<group>"; };
		E3FCA4831D8DE31F00672FC0 /* Info.plist */ = {isa = PBXFileReference; lastKnownFileType = text.plist.xml; path = Info.plist; sourceTree = "<group>"; };
		E3FCA4881D8DE31F00672FC0 /* HackerBooksTests.xctest */ = {isa = PBXFileReference; explicitFileType = wrapper.cfbundle; includeInIndex = 0; path = HackerBooksTests.xctest; sourceTree = BUILT_PRODUCTS_DIR; };
		E3FCA48C1D8DE31F00672FC0 /* HackerBooksTests.swift */ = {isa = PBXFileReference; lastKnownFileType = sourcecode.swift; path = HackerBooksTests.swift; sourceTree = "<group>"; };
		E3FCA48E1D8DE31F00672FC0 /* Info.plist */ = {isa = PBXFileReference; lastKnownFileType = text.plist.xml; path = Info.plist; sourceTree = "<group>"; };
/* End PBXFileReference section */

/* Begin PBXFrameworksBuildPhase section */
		E3FCA4711D8DE31F00672FC0 /* Frameworks */ = {
			isa = PBXFrameworksBuildPhase;
			buildActionMask = 2147483647;
			files = (
				E3F121C11D9EFF1D00DCB7BA /* Social.framework in Frameworks */,
			);
			runOnlyForDeploymentPostprocessing = 0;
		};
		E3FCA4851D8DE31F00672FC0 /* Frameworks */ = {
			isa = PBXFrameworksBuildPhase;
			buildActionMask = 2147483647;
			files = (
			);
			runOnlyForDeploymentPostprocessing = 0;
		};
/* End PBXFrameworksBuildPhase section */

/* Begin PBXGroup section */
		E35C67A01D951E9D0068B6E0 /* Views */ = {
			isa = PBXGroup;
			children = (
				E35C679C1D951E9A0068B6E0 /* BookTableViewCell.swift */,
				E35C679D1D951E9A0068B6E0 /* BookTableViewCell.xib */,
			);
			name = Views;
			sourceTree = "<group>";
		};
		E36B3AA11D8FE5B90048A5D6 /* Model */ = {
			isa = PBXGroup;
			children = (
				E3278BB61D912384009DBAB5 /* CoreDataStack.swift */,
				E36B3A831D8FE5B00048A5D6 /* Author+CoreDataClass.swift */,
				E36B3A841D8FE5B00048A5D6 /* Author+CoreDataProperties.swift */,
				E36B3A851D8FE5B00048A5D6 /* BookTag+CoreDataClass.swift */,
				E36B3A861D8FE5B00048A5D6 /* BookTag+CoreDataProperties.swift */,
				E30E0A741D9BAE3F00E59CEB /* Image+CoreDataClass.swift */,
				E30E0A751D9BAE3F00E59CEB /* Image+CoreDataProperties.swift */,
				E36B3A871D8FE5B00048A5D6 /* Localization+CoreDataClass.swift */,
				E36B3A881D8FE5B00048A5D6 /* Localization+CoreDataProperties.swift */,
				E36B3A891D8FE5B00048A5D6 /* Tag+CoreDataClass.swift */,
				E36B3A8A1D8FE5B00048A5D6 /* Tag+CoreDataProperties.swift */,
				E36B3A8D1D8FE5B00048A5D6 /* Pdf+CoreDataClass.swift */,
				E36B3A8E1D8FE5B00048A5D6 /* Pdf+CoreDataProperties.swift */,
				E36B3A8F1D8FE5B00048A5D6 /* Book+CoreDataClass.swift */,
				E36B3A901D8FE5B00048A5D6 /* Book+CoreDataProperties.swift */,
				E30E0A6E1D9BAB2D00E59CEB /* Annotation+CoreDataClass.swift */,
				E30E0A6F1D9BAB2D00E59CEB /* Annotation+CoreDataProperties.swift */,
				E3214E4F1D8F1BC1008B5DC6 /* Model.xcdatamodeld */,
			);
			name = Model;
			sourceTree = "<group>";
		};
		E3A3257B1D914FBA005F85FB /* Controllers */ = {
			isa = PBXGroup;
			children = (
				E3A325791D914FB6005F85FB /* CoreDataTableViewController.swift */,
				E3A3257C1D91668F005F85FB /* BooksViewController.swift */,
				E361D9AE1D985DF6001FB83C /* BookViewController.swift */,
				E361D9AF1D985DF6001FB83C /* BookViewController.xib */,
				E3F704EF1D9A7AB600732CCC /* PDFViewController.swift */,
				E3F704F01D9A7AB600732CCC /* PDFViewController.xib */,
				E30E0A661D9BA92D00E59CEB /* AnnotationsViewController.swift */,
				E30E0A781D9BBBB200E59CEB /* AnnotationViewController.swift */,
				E30E0A791D9BBBB200E59CEB /* AnnotationViewController.xib */,
				E3F121BB1D9EF03C00DCB7BA /* MapViewController.swift */,
				E3F121BC1D9EF03C00DCB7BA /* MapViewController.xib */,
			);
			name = Controllers;
			sourceTree = "<group>";
		};
		E3F121BF1D9EFF1D00DCB7BA /* Frameworks */ = {
			isa = PBXGroup;
			children = (
				E3F121C01D9EFF1D00DCB7BA /* Social.framework */,
			);
			name = Frameworks;
			sourceTree = "<group>";
		};
		E3FCA46B1D8DE31F00672FC0 = {
			isa = PBXGroup;
			children = (
				E35C67A01D951E9D0068B6E0 /* Views */,
				E3A3257B1D914FBA005F85FB /* Controllers */,
				E36B3AA11D8FE5B90048A5D6 /* Model */,
				E3FCA4761D8DE31F00672FC0 /* HackerBooks */,
				E3FCA48B1D8DE31F00672FC0 /* HackerBooksTests */,
				E3FCA4751D8DE31F00672FC0 /* Products */,
				E3F121BF1D9EFF1D00DCB7BA /* Frameworks */,
			);
			sourceTree = "<group>";
		};
		E3FCA4751D8DE31F00672FC0 /* Products */ = {
			isa = PBXGroup;
			children = (
				E3FCA4741D8DE31F00672FC0 /* HackerBooks.app */,
				E3FCA4881D8DE31F00672FC0 /* HackerBooksTests.xctest */,
			);
			name = Products;
			sourceTree = "<group>";
		};
		E3FCA4761D8DE31F00672FC0 /* HackerBooks */ = {
			isa = PBXGroup;
			children = (
				E36B3AA21D907F100048A5D6 /* AsyncData.swift */,
				E36B3AA31D907F100048A5D6 /* books_readable.json */,
				E36B3AA41D907F100048A5D6 /* JSONProcessing.swift */,
				E3FCA4771D8DE31F00672FC0 /* AppDelegate.swift */,
				E3A325751D9144A6005F85FB /* emptyBookCover.png */,
				E3A325761D9144A6005F85FB /* emptyPdf.pdf */,
				E3FCA4791D8DE31F00672FC0 /* ViewController.swift */,
				E3FCA47B1D8DE31F00672FC0 /* Main.storyboard */,
				E3FCA47E1D8DE31F00672FC0 /* Assets.xcassets */,
				E3FCA4801D8DE31F00672FC0 /* LaunchScreen.storyboard */,
				E3FCA4831D8DE31F00672FC0 /* Info.plist */,
			);
			path = HackerBooks;
			sourceTree = "<group>";
		};
		E3FCA48B1D8DE31F00672FC0 /* HackerBooksTests */ = {
			isa = PBXGroup;
			children = (
				E3FCA48C1D8DE31F00672FC0 /* HackerBooksTests.swift */,
				E3FCA48E1D8DE31F00672FC0 /* Info.plist */,
			);
			path = HackerBooksTests;
			sourceTree = "<group>";
		};
/* End PBXGroup section */

/* Begin PBXNativeTarget section */
		E3FCA4731D8DE31F00672FC0 /* HackerBooks */ = {
			isa = PBXNativeTarget;
			buildConfigurationList = E3FCA4911D8DE31F00672FC0 /* Build configuration list for PBXNativeTarget "HackerBooks" */;
			buildPhases = (
				E3FCA4701D8DE31F00672FC0 /* Sources */,
				E3FCA4711D8DE31F00672FC0 /* Frameworks */,
				E3FCA4721D8DE31F00672FC0 /* Resources */,
			);
			buildRules = (
			);
			dependencies = (
			);
			name = HackerBooks;
			productName = HackerBooks;
			productReference = E3FCA4741D8DE31F00672FC0 /* HackerBooks.app */;
			productType = "com.apple.product-type.application";
		};
		E3FCA4871D8DE31F00672FC0 /* HackerBooksTests */ = {
			isa = PBXNativeTarget;
			buildConfigurationList = E3FCA4941D8DE31F00672FC0 /* Build configuration list for PBXNativeTarget "HackerBooksTests" */;
			buildPhases = (
				E3FCA4841D8DE31F00672FC0 /* Sources */,
				E3FCA4851D8DE31F00672FC0 /* Frameworks */,
				E3FCA4861D8DE31F00672FC0 /* Resources */,
			);
			buildRules = (
			);
			dependencies = (
				E3FCA48A1D8DE31F00672FC0 /* PBXTargetDependency */,
			);
			name = HackerBooksTests;
			productName = HackerBooksTests;
			productReference = E3FCA4881D8DE31F00672FC0 /* HackerBooksTests.xctest */;
			productType = "com.apple.product-type.bundle.unit-test";
		};
/* End PBXNativeTarget section */

/* Begin PBXProject section */
		E3FCA46C1D8DE31F00672FC0 /* Project object */ = {
			isa = PBXProject;
			attributes = {
				LastSwiftUpdateCheck = 0800;
				LastUpgradeCheck = 0800;
				ORGANIZATIONNAME = "Verónica Cordobés";
				TargetAttributes = {
					E3FCA4731D8DE31F00672FC0 = {
						CreatedOnToolsVersion = 8.0;
						DevelopmentTeam = 6ST72RTMK9;
						ProvisioningStyle = Automatic;
					};
					E3FCA4871D8DE31F00672FC0 = {
						CreatedOnToolsVersion = 8.0;
						DevelopmentTeam = 6ST72RTMK9;
						ProvisioningStyle = Automatic;
						TestTargetID = E3FCA4731D8DE31F00672FC0;
					};
				};
			};
			buildConfigurationList = E3FCA46F1D8DE31F00672FC0 /* Build configuration list for PBXProject "HackerBooks" */;
			compatibilityVersion = "Xcode 3.2";
			developmentRegion = English;
			hasScannedForEncodings = 0;
			knownRegions = (
				en,
				Base,
			);
			mainGroup = E3FCA46B1D8DE31F00672FC0;
			productRefGroup = E3FCA4751D8DE31F00672FC0 /* Products */;
			projectDirPath = "";
			projectRoot = "";
			targets = (
				E3FCA4731D8DE31F00672FC0 /* HackerBooks */,
				E3FCA4871D8DE31F00672FC0 /* HackerBooksTests */,
			);
		};
/* End PBXProject section */

/* Begin PBXResourcesBuildPhase section */
		E3FCA4721D8DE31F00672FC0 /* Resources */ = {
			isa = PBXResourcesBuildPhase;
			buildActionMask = 2147483647;
			files = (
				E3A325771D9144A6005F85FB /* emptyBookCover.png in Resources */,
				E30E0A7B1D9BBBB200E59CEB /* AnnotationViewController.xib in Resources */,
				E361D9B11D985DF6001FB83C /* BookViewController.xib in Resources */,
				E3A325781D9144A6005F85FB /* emptyPdf.pdf in Resources */,
				E36B3AA61D907F100048A5D6 /* books_readable.json in Resources */,
				E3FCA4821D8DE31F00672FC0 /* LaunchScreen.storyboard in Resources */,
				E3FCA47F1D8DE31F00672FC0 /* Assets.xcassets in Resources */,
				E3FCA47D1D8DE31F00672FC0 /* Main.storyboard in Resources */,
				E3F704F21D9A7AB600732CCC /* PDFViewController.xib in Resources */,
				E3F121BE1D9EF03C00DCB7BA /* MapViewController.xib in Resources */,
				E35C679F1D951E9A0068B6E0 /* BookTableViewCell.xib in Resources */,
			);
			runOnlyForDeploymentPostprocessing = 0;
		};
		E3FCA4861D8DE31F00672FC0 /* Resources */ = {
			isa = PBXResourcesBuildPhase;
			buildActionMask = 2147483647;
			files = (
			);
			runOnlyForDeploymentPostprocessing = 0;
		};
/* End PBXResourcesBuildPhase section */

/* Begin PBXSourcesBuildPhase section */
		E3FCA4701D8DE31F00672FC0 /* Sources */ = {
			isa = PBXSourcesBuildPhase;
			buildActionMask = 2147483647;
			files = (
				E36B3A9D1D8FE5B00048A5D6 /* Pdf+CoreDataClass.swift in Sources */,
				E3278BB71D912384009DBAB5 /* CoreDataStack.swift in Sources */,
				E35C679E1D951E9A0068B6E0 /* BookTableViewCell.swift in Sources */,
				E30E0A701D9BAB2D00E59CEB /* Annotation+CoreDataClass.swift in Sources */,
				E3A3257A1D914FB6005F85FB /* CoreDataTableViewController.swift in Sources */,
				E36B3A9A1D8FE5B00048A5D6 /* Tag+CoreDataProperties.swift in Sources */,
				E36B3AA51D907F100048A5D6 /* AsyncData.swift in Sources */,
				E361D9B01D985DF6001FB83C /* BookViewController.swift in Sources */,
				E36B3A941D8FE5B00048A5D6 /* Author+CoreDataProperties.swift in Sources */,
				E36B3A951D8FE5B00048A5D6 /* BookTag+CoreDataClass.swift in Sources */,
				E3F704F11D9A7AB600732CCC /* PDFViewController.swift in Sources */,
				E36B3A931D8FE5B00048A5D6 /* Author+CoreDataClass.swift in Sources */,
				E30E0A711D9BAB2D00E59CEB /* Annotation+CoreDataProperties.swift in Sources */,
				E3F121BD1D9EF03C00DCB7BA /* MapViewController.swift in Sources */,
				E36B3A981D8FE5B00048A5D6 /* Localization+CoreDataProperties.swift in Sources */,
				E3A3257D1D91668F005F85FB /* BooksViewController.swift in Sources */,
				E30E0A7A1D9BBBB200E59CEB /* AnnotationViewController.swift in Sources */,
				E3FCA47A1D8DE31F00672FC0 /* ViewController.swift in Sources */,
				E36B3AA01D8FE5B00048A5D6 /* Book+CoreDataProperties.swift in Sources */,
				E36B3AA71D907F100048A5D6 /* JSONProcessing.swift in Sources */,
				E30E0A761D9BAE3F00E59CEB /* Image+CoreDataClass.swift in Sources */,
				E36B3A9F1D8FE5B00048A5D6 /* Book+CoreDataClass.swift in Sources */,
				E36B3A971D8FE5B00048A5D6 /* Localization+CoreDataClass.swift in Sources */,
				E36B3A961D8FE5B00048A5D6 /* BookTag+CoreDataProperties.swift in Sources */,
				E30E0A681D9BA92D00E59CEB /* AnnotationsViewController.swift in Sources */,
				E3FCA4781D8DE31F00672FC0 /* AppDelegate.swift in Sources */,
				E36B3A9E1D8FE5B00048A5D6 /* Pdf+CoreDataProperties.swift in Sources */,
				E36B3A991D8FE5B00048A5D6 /* Tag+CoreDataClass.swift in Sources */,
				E3214E511D8F1BC1008B5DC6 /* Model.xcdatamodeld in Sources */,
				E30E0A771D9BAE3F00E59CEB /* Image+CoreDataProperties.swift in Sources */,
			);
			runOnlyForDeploymentPostprocessing = 0;
		};
		E3FCA4841D8DE31F00672FC0 /* Sources */ = {
			isa = PBXSourcesBuildPhase;
			buildActionMask = 2147483647;
			files = (
				E3FCA48D1D8DE31F00672FC0 /* HackerBooksTests.swift in Sources */,
			);
			runOnlyForDeploymentPostprocessing = 0;
		};
/* End PBXSourcesBuildPhase section */

/* Begin PBXTargetDependency section */
		E3FCA48A1D8DE31F00672FC0 /* PBXTargetDependency */ = {
			isa = PBXTargetDependency;
			target = E3FCA4731D8DE31F00672FC0 /* HackerBooks */;
			targetProxy = E3FCA4891D8DE31F00672FC0 /* PBXContainerItemProxy */;
		};
/* End PBXTargetDependency section */

/* Begin PBXVariantGroup section */
		E3FCA47B1D8DE31F00672FC0 /* Main.storyboard */ = {
			isa = PBXVariantGroup;
			children = (
				E3FCA47C1D8DE31F00672FC0 /* Base */,
			);
			name = Main.storyboard;
			sourceTree = "<group>";
		};
		E3FCA4801D8DE31F00672FC0 /* LaunchScreen.storyboard */ = {
			isa = PBXVariantGroup;
			children = (
				E3FCA4811D8DE31F00672FC0 /* Base */,
			);
			name = LaunchScreen.storyboard;
			sourceTree = "<group>";
		};
/* End PBXVariantGroup section */

/* Begin XCBuildConfiguration section */
		E3FCA48F1D8DE31F00672FC0 /* Debug */ = {
			isa = XCBuildConfiguration;
			buildSettings = {
				ALWAYS_SEARCH_USER_PATHS = NO;
				CLANG_ANALYZER_NONNULL = YES;
				CLANG_CXX_LANGUAGE_STANDARD = "gnu++0x";
				CLANG_CXX_LIBRARY = "libc++";
				CLANG_ENABLE_MODULES = YES;
				CLANG_ENABLE_OBJC_ARC = YES;
				CLANG_WARN_BOOL_CONVERSION = YES;
				CLANG_WARN_CONSTANT_CONVERSION = YES;
				CLANG_WARN_DIRECT_OBJC_ISA_USAGE = YES_ERROR;
				CLANG_WARN_DOCUMENTATION_COMMENTS = YES;
				CLANG_WARN_EMPTY_BODY = YES;
				CLANG_WARN_ENUM_CONVERSION = YES;
				CLANG_WARN_INFINITE_RECURSION = YES;
				CLANG_WARN_INT_CONVERSION = YES;
				CLANG_WARN_OBJC_ROOT_CLASS = YES_ERROR;
				CLANG_WARN_SUSPICIOUS_MOVES = YES;
				CLANG_WARN_UNREACHABLE_CODE = YES;
				CLANG_WARN__DUPLICATE_METHOD_MATCH = YES;
				"CODE_SIGN_IDENTITY[sdk=iphoneos*]" = "iPhone Developer";
				COPY_PHASE_STRIP = NO;
				DEBUG_INFORMATION_FORMAT = dwarf;
				ENABLE_STRICT_OBJC_MSGSEND = YES;
				ENABLE_TESTABILITY = YES;
				GCC_C_LANGUAGE_STANDARD = gnu99;
				GCC_DYNAMIC_NO_PIC = NO;
				GCC_NO_COMMON_BLOCKS = YES;
				GCC_OPTIMIZATION_LEVEL = 0;
				GCC_PREPROCESSOR_DEFINITIONS = (
					"DEBUG=1",
					"$(inherited)",
				);
				GCC_WARN_64_TO_32_BIT_CONVERSION = YES;
				GCC_WARN_ABOUT_RETURN_TYPE = YES_ERROR;
				GCC_WARN_UNDECLARED_SELECTOR = YES;
				GCC_WARN_UNINITIALIZED_AUTOS = YES_AGGRESSIVE;
				GCC_WARN_UNUSED_FUNCTION = YES;
				GCC_WARN_UNUSED_VARIABLE = YES;
				IPHONEOS_DEPLOYMENT_TARGET = 10.0;
				MTL_ENABLE_DEBUG_INFO = YES;
				ONLY_ACTIVE_ARCH = YES;
				SDKROOT = iphoneos;
				SWIFT_ACTIVE_COMPILATION_CONDITIONS = DEBUG;
				SWIFT_OPTIMIZATION_LEVEL = "-Onone";
				TARGETED_DEVICE_FAMILY = "1,2";
			};
			name = Debug;
		};
		E3FCA4901D8DE31F00672FC0 /* Release */ = {
			isa = XCBuildConfiguration;
			buildSettings = {
				ALWAYS_SEARCH_USER_PATHS = NO;
				CLANG_ANALYZER_NONNULL = YES;
				CLANG_CXX_LANGUAGE_STANDARD = "gnu++0x";
				CLANG_CXX_LIBRARY = "libc++";
				CLANG_ENABLE_MODULES = YES;
				CLANG_ENABLE_OBJC_ARC = YES;
				CLANG_WARN_BOOL_CONVERSION = YES;
				CLANG_WARN_CONSTANT_CONVERSION = YES;
				CLANG_WARN_DIRECT_OBJC_ISA_USAGE = YES_ERROR;
				CLANG_WARN_DOCUMENTATION_COMMENTS = YES;
				CLANG_WARN_EMPTY_BODY = YES;
				CLANG_WARN_ENUM_CONVERSION = YES;
				CLANG_WARN_INFINITE_RECURSION = YES;
				CLANG_WARN_INT_CONVERSION = YES;
				CLANG_WARN_OBJC_ROOT_CLASS = YES_ERROR;
				CLANG_WARN_SUSPICIOUS_MOVES = YES;
				CLANG_WARN_UNREACHABLE_CODE = YES;
				CLANG_WARN__DUPLICATE_METHOD_MATCH = YES;
				"CODE_SIGN_IDENTITY[sdk=iphoneos*]" = "iPhone Developer";
				COPY_PHASE_STRIP = NO;
				DEBUG_INFORMATION_FORMAT = "dwarf-with-dsym";
				ENABLE_NS_ASSERTIONS = NO;
				ENABLE_STRICT_OBJC_MSGSEND = YES;
				GCC_C_LANGUAGE_STANDARD = gnu99;
				GCC_NO_COMMON_BLOCKS = YES;
				GCC_WARN_64_TO_32_BIT_CONVERSION = YES;
				GCC_WARN_ABOUT_RETURN_TYPE = YES_ERROR;
				GCC_WARN_UNDECLARED_SELECTOR = YES;
				GCC_WARN_UNINITIALIZED_AUTOS = YES_AGGRESSIVE;
				GCC_WARN_UNUSED_FUNCTION = YES;
				GCC_WARN_UNUSED_VARIABLE = YES;
				IPHONEOS_DEPLOYMENT_TARGET = 10.0;
				MTL_ENABLE_DEBUG_INFO = NO;
				SDKROOT = iphoneos;
				SWIFT_OPTIMIZATION_LEVEL = "-Owholemodule";
				TARGETED_DEVICE_FAMILY = "1,2";
				VALIDATE_PRODUCT = YES;
			};
			name = Release;
		};
		E3FCA4921D8DE31F00672FC0 /* Debug */ = {
			isa = XCBuildConfiguration;
			buildSettings = {
				ASSETCATALOG_COMPILER_APPICON_NAME = AppIcon;
				DEVELOPMENT_TEAM = 6ST72RTMK9;
				INFOPLIST_FILE = HackerBooks/Info.plist;
				LD_RUNPATH_SEARCH_PATHS = "$(inherited) @executable_path/Frameworks";
				PRODUCT_BUNDLE_IDENTIFIER = VCV.HackerBooks;
				PRODUCT_NAME = "$(TARGET_NAME)";
				SWIFT_VERSION = 3.0;
			};
			name = Debug;
		};
		E3FCA4931D8DE31F00672FC0 /* Release */ = {
			isa = XCBuildConfiguration;
			buildSettings = {
				ASSETCATALOG_COMPILER_APPICON_NAME = AppIcon;
				DEVELOPMENT_TEAM = 6ST72RTMK9;
				INFOPLIST_FILE = HackerBooks/Info.plist;
				LD_RUNPATH_SEARCH_PATHS = "$(inherited) @executable_path/Frameworks";
				PRODUCT_BUNDLE_IDENTIFIER = VCV.HackerBooks;
				PRODUCT_NAME = "$(TARGET_NAME)";
				SWIFT_VERSION = 3.0;
			};
			name = Release;
		};
		E3FCA4951D8DE31F00672FC0 /* Debug */ = {
			isa = XCBuildConfiguration;
			buildSettings = {
				ALWAYS_EMBED_SWIFT_STANDARD_LIBRARIES = YES;
				BUNDLE_LOADER = "$(TEST_HOST)";
				DEVELOPMENT_TEAM = 6ST72RTMK9;
				INFOPLIST_FILE = HackerBooksTests/Info.plist;
				LD_RUNPATH_SEARCH_PATHS = "$(inherited) @executable_path/Frameworks @loader_path/Frameworks";
				PRODUCT_BUNDLE_IDENTIFIER = VCV.HackerBooksTests;
				PRODUCT_NAME = "$(TARGET_NAME)";
				SWIFT_VERSION = 3.0;
				TEST_HOST = "$(BUILT_PRODUCTS_DIR)/HackerBooks.app/HackerBooks";
			};
			name = Debug;
		};
		E3FCA4961D8DE31F00672FC0 /* Release */ = {
			isa = XCBuildConfiguration;
			buildSettings = {
				ALWAYS_EMBED_SWIFT_STANDARD_LIBRARIES = YES;
				BUNDLE_LOADER = "$(TEST_HOST)";
				DEVELOPMENT_TEAM = 6ST72RTMK9;
				INFOPLIST_FILE = HackerBooksTests/Info.plist;
				LD_RUNPATH_SEARCH_PATHS = "$(inherited) @executable_path/Frameworks @loader_path/Frameworks";
				PRODUCT_BUNDLE_IDENTIFIER = VCV.HackerBooksTests;
				PRODUCT_NAME = "$(TARGET_NAME)";
				SWIFT_VERSION = 3.0;
				TEST_HOST = "$(BUILT_PRODUCTS_DIR)/HackerBooks.app/HackerBooks";
			};
			name = Release;
		};
/* End XCBuildConfiguration section */

/* Begin XCConfigurationList section */
		E3FCA46F1D8DE31F00672FC0 /* Build configuration list for PBXProject "HackerBooks" */ = {
			isa = XCConfigurationList;
			buildConfigurations = (
				E3FCA48F1D8DE31F00672FC0 /* Debug */,
				E3FCA4901D8DE31F00672FC0 /* Release */,
			);
			defaultConfigurationIsVisible = 0;
			defaultConfigurationName = Release;
		};
		E3FCA4911D8DE31F00672FC0 /* Build configuration list for PBXNativeTarget "HackerBooks" */ = {
			isa = XCConfigurationList;
			buildConfigurations = (
				E3FCA4921D8DE31F00672FC0 /* Debug */,
				E3FCA4931D8DE31F00672FC0 /* Release */,
			);
			defaultConfigurationIsVisible = 0;
			defaultConfigurationName = Release;
		};
		E3FCA4941D8DE31F00672FC0 /* Build configuration list for PBXNativeTarget "HackerBooksTests" */ = {
			isa = XCConfigurationList;
			buildConfigurations = (
				E3FCA4951D8DE31F00672FC0 /* Debug */,
				E3FCA4961D8DE31F00672FC0 /* Release */,
			);
			defaultConfigurationIsVisible = 0;
			defaultConfigurationName = Release;
		};
/* End XCConfigurationList section */

/* Begin XCVersionGroup section */
		E3214E4F1D8F1BC1008B5DC6 /* Model.xcdatamodeld */ = {
			isa = XCVersionGroup;
			children = (
				E3214E501D8F1BC1008B5DC6 /* Model.xcdatamodel */,
			);
			currentVersion = E3214E501D8F1BC1008B5DC6 /* Model.xcdatamodel */;
			path = Model.xcdatamodeld;
			sourceTree = "<group>";
			versionGroupType = wrapper.xcdatamodel;
		};
/* End XCVersionGroup section */
	};
	rootObject = E3FCA46C1D8DE31F00672FC0 /* Project object */;
}
